// !$*UTF8*$!
{
	archiveVersion = 1;
	classes = {
	};
	objectVersion = 48;
	objects = {

/* Begin PBXBuildFile section */
		DAFC6C21210DC28C001590A8 /* AppDelegate.swift in Sources */ = {isa = PBXBuildFile; fileRef = DAFC6C20210DC28C001590A8 /* AppDelegate.swift */; };
		DAFC6C28210DC28C001590A8 /* Assets.xcassets in Resources */ = {isa = PBXBuildFile; fileRef = DAFC6C27210DC28C001590A8 /* Assets.xcassets */; };
		DAFC6C2B210DC28C001590A8 /* LaunchScreen.storyboard in Resources */ = {isa = PBXBuildFile; fileRef = DAFC6C29210DC28C001590A8 /* LaunchScreen.storyboard */; };
		DAFC6C36210DC28C001590A8 /* Meal_CalculatorTests.swift in Sources */ = {isa = PBXBuildFile; fileRef = DAFC6C35210DC28C001590A8 /* Meal_CalculatorTests.swift */; };
		DAFC6C41210DC28C001590A8 /* Meal_CalculatorUITests.swift in Sources */ = {isa = PBXBuildFile; fileRef = DAFC6C40210DC28C001590A8 /* Meal_CalculatorUITests.swift */; };
		DAFC6C4F210DC2AA001590A8 /* Main.storyboard in Resources */ = {isa = PBXBuildFile; fileRef = DAFC6C4E210DC2AA001590A8 /* Main.storyboard */; };
		DAFC6C51210DC2BF001590A8 /* ViewController.swift in Sources */ = {isa = PBXBuildFile; fileRef = DAFC6C50210DC2BF001590A8 /* ViewController.swift */; };
/* End PBXBuildFile section */

/* Begin PBXContainerItemProxy section */
		DAFC6C32210DC28C001590A8 /* PBXContainerItemProxy */ = {
			isa = PBXContainerItemProxy;
			containerPortal = DAFC6C15210DC28C001590A8 /* Project object */;
			proxyType = 1;
			remoteGlobalIDString = DAFC6C1C210DC28C001590A8;
			remoteInfo = Meal_Calculator;
		};
		DAFC6C3D210DC28C001590A8 /* PBXContainerItemProxy */ = {
			isa = PBXContainerItemProxy;
			containerPortal = DAFC6C15210DC28C001590A8 /* Project object */;
			proxyType = 1;
			remoteGlobalIDString = DAFC6C1C210DC28C001590A8;
			remoteInfo = Meal_Calculator;
		};
/* End PBXContainerItemProxy section */

/* Begin PBXFileReference section */
		DAFC6C1D210DC28C001590A8 /* Meal_Calculator.app */ = {isa = PBXFileReference; explicitFileType = wrapper.application; includeInIndex = 0; path = Meal_Calculator.app; sourceTree = BUILT_PRODUCTS_DIR; };
		DAFC6C20210DC28C001590A8 /* AppDelegate.swift */ = {isa = PBXFileReference; lastKnownFileType = sourcecode.swift; path = AppDelegate.swift; sourceTree = "<group>"; };
		DAFC6C27210DC28C001590A8 /* Assets.xcassets */ = {isa = PBXFileReference; lastKnownFileType = folder.assetcatalog; path = Assets.xcassets; sourceTree = "<group>"; };
		DAFC6C2A210DC28C001590A8 /* Base */ = {isa = PBXFileReference; lastKnownFileType = file.storyboard; name = Base; path = Base.lproj/LaunchScreen.storyboard; sourceTree = "<group>"; };
		DAFC6C2C210DC28C001590A8 /* Info.plist */ = {isa = PBXFileReference; lastKnownFileType = text.plist.xml; path = Info.plist; sourceTree = "<group>"; };
		DAFC6C31210DC28C001590A8 /* Meal_CalculatorTests.xctest */ = {isa = PBXFileReference; explicitFileType = wrapper.cfbundle; includeInIndex = 0; path = Meal_CalculatorTests.xctest; sourceTree = BUILT_PRODUCTS_DIR; };
		DAFC6C35210DC28C001590A8 /* Meal_CalculatorTests.swift */ = {isa = PBXFileReference; lastKnownFileType = sourcecode.swift; path = Meal_CalculatorTests.swift; sourceTree = "<group>"; };
		DAFC6C37210DC28C001590A8 /* Info.plist */ = {isa = PBXFileReference; lastKnownFileType = text.plist.xml; path = Info.plist; sourceTree = "<group>"; };
		DAFC6C3C210DC28C001590A8 /* Meal_CalculatorUITests.xctest */ = {isa = PBXFileReference; explicitFileType = wrapper.cfbundle; includeInIndex = 0; path = Meal_CalculatorUITests.xctest; sourceTree = BUILT_PRODUCTS_DIR; };
		DAFC6C40210DC28C001590A8 /* Meal_CalculatorUITests.swift */ = {isa = PBXFileReference; lastKnownFileType = sourcecode.swift; path = Meal_CalculatorUITests.swift; sourceTree = "<group>"; };
		DAFC6C42210DC28C001590A8 /* Info.plist */ = {isa = PBXFileReference; lastKnownFileType = text.plist.xml; path = Info.plist; sourceTree = "<group>"; };
		DAFC6C4E210DC2AA001590A8 /* Main.storyboard */ = {isa = PBXFileReference; fileEncoding = 4; lastKnownFileType = file.storyboard; path = Main.storyboard; sourceTree = "<group>"; };
		DAFC6C50210DC2BF001590A8 /* ViewController.swift */ = {isa = PBXFileReference; fileEncoding = 4; lastKnownFileType = sourcecode.swift; path = ViewController.swift; sourceTree = "<group>"; };
/* End PBXFileReference section */

/* Begin PBXFrameworksBuildPhase section */
		DAFC6C1A210DC28C001590A8 /* Frameworks */ = {
			isa = PBXFrameworksBuildPhase;
			buildActionMask = 2147483647;
			files = (
			);
			runOnlyForDeploymentPostprocessing = 0;
		};
		DAFC6C2E210DC28C001590A8 /* Frameworks */ = {
			isa = PBXFrameworksBuildPhase;
			buildActionMask = 2147483647;
			files = (
			);
			runOnlyForDeploymentPostprocessing = 0;
		};
		DAFC6C39210DC28C001590A8 /* Frameworks */ = {
			isa = PBXFrameworksBuildPhase;
			buildActionMask = 2147483647;
			files = (
			);
			runOnlyForDeploymentPostprocessing = 0;
		};
/* End PBXFrameworksBuildPhase section */

/* Begin PBXGroup section */
		DAFC6C14210DC28C001590A8 = {
			isa = PBXGroup;
			children = (
				DAFC6C1F210DC28C001590A8 /* Meal_Calculator */,
				DAFC6C34210DC28C001590A8 /* Meal_CalculatorTests */,
				DAFC6C3F210DC28C001590A8 /* Meal_CalculatorUITests */,
				DAFC6C1E210DC28C001590A8 /* Products */,
			);
			sourceTree = "<group>";
		};
		DAFC6C1E210DC28C001590A8 /* Products */ = {
			isa = PBXGroup;
			children = (
				DAFC6C1D210DC28C001590A8 /* Meal_Calculator.app */,
				DAFC6C31210DC28C001590A8 /* Meal_CalculatorTests.xctest */,
				DAFC6C3C210DC28C001590A8 /* Meal_CalculatorUITests.xctest */,
			);
			name = Products;
			sourceTree = "<group>";
		};
		DAFC6C1F210DC28C001590A8 /* Meal_Calculator */ = {
			isa = PBXGroup;
			children = (
				DAFC6C20210DC28C001590A8 /* AppDelegate.swift */,
				DAFC6C50210DC2BF001590A8 /* ViewController.swift */,
				DAFC6C4E210DC2AA001590A8 /* Main.storyboard */,
				DAFC6C27210DC28C001590A8 /* Assets.xcassets */,
				DAFC6C29210DC28C001590A8 /* LaunchScreen.storyboard */,
				DAFC6C2C210DC28C001590A8 /* Info.plist */,
			);
			path = Meal_Calculator;
			sourceTree = "<group>";
		};
		DAFC6C34210DC28C001590A8 /* Meal_CalculatorTests */ = {
			isa = PBXGroup;
			children = (
				DAFC6C35210DC28C001590A8 /* Meal_CalculatorTests.swift */,
				DAFC6C37210DC28C001590A8 /* Info.plist */,
			);
			path = Meal_CalculatorTests;
			sourceTree = "<group>";
		};
		DAFC6C3F210DC28C001590A8 /* Meal_CalculatorUITests */ = {
			isa = PBXGroup;
			children = (
				DAFC6C40210DC28C001590A8 /* Meal_CalculatorUITests.swift */,
				DAFC6C42210DC28C001590A8 /* Info.plist */,
			);
			path = Meal_CalculatorUITests;
			sourceTree = "<group>";
		};
/* End PBXGroup section */

/* Begin PBXNativeTarget section */
		DAFC6C1C210DC28C001590A8 /* Meal_Calculator */ = {
			isa = PBXNativeTarget;
			buildConfigurationList = DAFC6C45210DC28C001590A8 /* Build configuration list for PBXNativeTarget "Meal_Calculator" */;
			buildPhases = (
				DAFC6C19210DC28C001590A8 /* Sources */,
				DAFC6C1A210DC28C001590A8 /* Frameworks */,
				DAFC6C1B210DC28C001590A8 /* Resources */,
			);
			buildRules = (
			);
			dependencies = (
			);
			name = Meal_Calculator;
			productName = Meal_Calculator;
			productReference = DAFC6C1D210DC28C001590A8 /* Meal_Calculator.app */;
			productType = "com.apple.product-type.application";
		};
		DAFC6C30210DC28C001590A8 /* Meal_CalculatorTests */ = {
			isa = PBXNativeTarget;
			buildConfigurationList = DAFC6C48210DC28C001590A8 /* Build configuration list for PBXNativeTarget "Meal_CalculatorTests" */;
			buildPhases = (
				DAFC6C2D210DC28C001590A8 /* Sources */,
				DAFC6C2E210DC28C001590A8 /* Frameworks */,
				DAFC6C2F210DC28C001590A8 /* Resources */,
			);
			buildRules = (
			);
			dependencies = (
				DAFC6C33210DC28C001590A8 /* PBXTargetDependency */,
			);
			name = Meal_CalculatorTests;
			productName = Meal_CalculatorTests;
			productReference = DAFC6C31210DC28C001590A8 /* Meal_CalculatorTests.xctest */;
			productType = "com.apple.product-type.bundle.unit-test";
		};
		DAFC6C3B210DC28C001590A8 /* Meal_CalculatorUITests */ = {
			isa = PBXNativeTarget;
			buildConfigurationList = DAFC6C4B210DC28C001590A8 /* Build configuration list for PBXNativeTarget "Meal_CalculatorUITests" */;
			buildPhases = (
				DAFC6C38210DC28C001590A8 /* Sources */,
				DAFC6C39210DC28C001590A8 /* Frameworks */,
				DAFC6C3A210DC28C001590A8 /* Resources */,
			);
			buildRules = (
			);
			dependencies = (
				DAFC6C3E210DC28C001590A8 /* PBXTargetDependency */,
			);
			name = Meal_CalculatorUITests;
			productName = Meal_CalculatorUITests;
			productReference = DAFC6C3C210DC28C001590A8 /* Meal_CalculatorUITests.xctest */;
			productType = "com.apple.product-type.bundle.ui-testing";
		};
/* End PBXNativeTarget section */

/* Begin PBXProject section */
		DAFC6C15210DC28C001590A8 /* Project object */ = {
			isa = PBXProject;
			attributes = {
				LastSwiftUpdateCheck = 0920;
				LastUpgradeCheck = 0920;
				ORGANIZATIONNAME = "Paul Yuan";
				TargetAttributes = {
					DAFC6C1C210DC28C001590A8 = {
						CreatedOnToolsVersion = 9.2;
						ProvisioningStyle = Automatic;
					};
					DAFC6C30210DC28C001590A8 = {
						CreatedOnToolsVersion = 9.2;
						ProvisioningStyle = Automatic;
						TestTargetID = DAFC6C1C210DC28C001590A8;
					};
					DAFC6C3B210DC28C001590A8 = {
						CreatedOnToolsVersion = 9.2;
						ProvisioningStyle = Automatic;
						TestTargetID = DAFC6C1C210DC28C001590A8;
					};
				};
			};
			buildConfigurationList = DAFC6C18210DC28C001590A8 /* Build configuration list for PBXProject "Meal_Calculator" */;
			compatibilityVersion = "Xcode 8.0";
			developmentRegion = en;
			hasScannedForEncodings = 0;
			knownRegions = (
				en,
				Base,
			);
			mainGroup = DAFC6C14210DC28C001590A8;
			productRefGroup = DAFC6C1E210DC28C001590A8 /* Products */;
			projectDirPath = "";
			projectRoot = "";
			targets = (
				DAFC6C1C210DC28C001590A8 /* Meal_Calculator */,
				DAFC6C30210DC28C001590A8 /* Meal_CalculatorTests */,
				DAFC6C3B210DC28C001590A8 /* Meal_CalculatorUITests */,
			);
		};
/* End PBXProject section */

/* Begin PBXResourcesBuildPhase section */
		DAFC6C1B210DC28C001590A8 /* Resources */ = {
			isa = PBXResourcesBuildPhase;
			buildActionMask = 2147483647;
			files = (
				DAFC6C4F210DC2AA001590A8 /* Main.storyboard in Resources */,
				DAFC6C2B210DC28C001590A8 /* LaunchScreen.storyboard in Resources */,
				DAFC6C28210DC28C001590A8 /* Assets.xcassets in Resources */,
			);
			runOnlyForDeploymentPostprocessing = 0;
		};
		DAFC6C2F210DC28C001590A8 /* Resources */ = {
			isa = PBXResourcesBuildPhase;
			buildActionMask = 2147483647;
			files = (
			);
			runOnlyForDeploymentPostprocessing = 0;
		};
		DAFC6C3A210DC28C001590A8 /* Resources */ = {
			isa = PBXResourcesBuildPhase;
			buildActionMask = 2147483647;
			files = (
			);
			runOnlyForDeploymentPostprocessing = 0;
		};
/* End PBXResourcesBuildPhase section */

/* Begin PBXSourcesBuildPhase section */
		DAFC6C19210DC28C001590A8 /* Sources */ = {
			isa = PBXSourcesBuildPhase;
			buildActionMask = 2147483647;
			files = (
				DAFC6C51210DC2BF001590A8 /* ViewController.swift in Sources */,
				DAFC6C21210DC28C001590A8 /* AppDelegate.swift in Sources */,
			);
			runOnlyForDeploymentPostprocessing = 0;
		};
		DAFC6C2D210DC28C001590A8 /* Sources */ = {
			isa = PBXSourcesBuildPhase;
			buildActionMask = 2147483647;
			files = (
				DAFC6C36210DC28C001590A8 /* Meal_CalculatorTests.swift in Sources */,
			);
			runOnlyForDeploymentPostprocessing = 0;
		};
		DAFC6C38210DC28C001590A8 /* Sources */ = {
			isa = PBXSourcesBuildPhase;
			buildActionMask = 2147483647;
			files = (
				DAFC6C41210DC28C001590A8 /* Meal_CalculatorUITests.swift in Sources */,
			);
			runOnlyForDeploymentPostprocessing = 0;
		};
/* End PBXSourcesBuildPhase section */

/* Begin PBXTargetDependency section */
		DAFC6C33210DC28C001590A8 /* PBXTargetDependency */ = {
			isa = PBXTargetDependency;
			target = DAFC6C1C210DC28C001590A8 /* Meal_Calculator */;
			targetProxy = DAFC6C32210DC28C001590A8 /* PBXContainerItemProxy */;
		};
		DAFC6C3E210DC28C001590A8 /* PBXTargetDependency */ = {
			isa = PBXTargetDependency;
			target = DAFC6C1C210DC28C001590A8 /* Meal_Calculator */;
			targetProxy = DAFC6C3D210DC28C001590A8 /* PBXContainerItemProxy */;
		};
/* End PBXTargetDependency section */

/* Begin PBXVariantGroup section */
		DAFC6C29210DC28C001590A8 /* LaunchScreen.storyboard */ = {
			isa = PBXVariantGroup;
			children = (
				DAFC6C2A210DC28C001590A8 /* Base */,
			);
			name = LaunchScreen.storyboard;
			sourceTree = "<group>";
		};
/* End PBXVariantGroup section */

/* Begin XCBuildConfiguration section */
		DAFC6C43210DC28C001590A8 /* Debug */ = {
			isa = XCBuildConfiguration;
			buildSettings = {
				ALWAYS_SEARCH_USER_PATHS = NO;
				CLANG_ANALYZER_NONNULL = YES;
				CLANG_ANALYZER_NUMBER_OBJECT_CONVERSION = YES_AGGRESSIVE;
				CLANG_CXX_LANGUAGE_STANDARD = "gnu++14";
				CLANG_CXX_LIBRARY = "libc++";
				CLANG_ENABLE_MODULES = YES;
				CLANG_ENABLE_OBJC_ARC = YES;
				CLANG_WARN_BLOCK_CAPTURE_AUTORELEASING = YES;
				CLANG_WARN_BOOL_CONVERSION = YES;
				CLANG_WARN_COMMA = YES;
				CLANG_WARN_CONSTANT_CONVERSION = YES;
				CLANG_WARN_DIRECT_OBJC_ISA_USAGE = YES_ERROR;
				CLANG_WARN_DOCUMENTATION_COMMENTS = YES;
				CLANG_WARN_EMPTY_BODY = YES;
				CLANG_WARN_ENUM_CONVERSION = YES;
				CLANG_WARN_INFINITE_RECURSION = YES;
				CLANG_WARN_INT_CONVERSION = YES;
				CLANG_WARN_NON_LITERAL_NULL_CONVERSION = YES;
				CLANG_WARN_OBJC_LITERAL_CONVERSION = YES;
				CLANG_WARN_OBJC_ROOT_CLASS = YES_ERROR;
				CLANG_WARN_RANGE_LOOP_ANALYSIS = YES;
				CLANG_WARN_STRICT_PROTOTYPES = YES;
				CLANG_WARN_SUSPICIOUS_MOVE = YES;
				CLANG_WARN_UNGUARDED_AVAILABILITY = YES_AGGRESSIVE;
				CLANG_WARN_UNREACHABLE_CODE = YES;
				CLANG_WARN__DUPLICATE_METHOD_MATCH = YES;
				CODE_SIGN_IDENTITY = "iPhone Developer";
				COPY_PHASE_STRIP = NO;
				DEBUG_INFORMATION_FORMAT = dwarf;
				ENABLE_STRICT_OBJC_MSGSEND = YES;
				ENABLE_TESTABILITY = YES;
				GCC_C_LANGUAGE_STANDARD = gnu11;
				GCC_DYNAMIC_NO_PIC = NO;
				GCC_NO_COMMON_BLOCKS = YES;
				GCC_OPTIMIZATION_LEVEL = 0;
				GCC_PREPROCESSOR_DEFINITIONS = (
					"DEBUG=1",
					"$(inherited)",
				);
				GCC_WARN_64_TO_32_BIT_CONVERSION = YES;
				GCC_WARN_ABOUT_RETURN_TYPE = YES_ERROR;
				GCC_WARN_UNDECLARED_SELECTOR = YES;
				GCC_WARN_UNINITIALIZED_AUTOS = YES_AGGRESSIVE;
				GCC_WARN_UNUSED_FUNCTION = YES;
				GCC_WARN_UNUSED_VARIABLE = YES;
				IPHONEOS_DEPLOYMENT_TARGET = 11.2;
				MTL_ENABLE_DEBUG_INFO = YES;
				ONLY_ACTIVE_ARCH = YES;
				SDKROOT = iphoneos;
				SWIFT_ACTIVE_COMPILATION_CONDITIONS = DEBUG;
				SWIFT_OPTIMIZATION_LEVEL = "-Onone";
			};
			name = Debug;
		};
		DAFC6C44210DC28C001590A8 /* Release */ = {
			isa = XCBuildConfiguration;
			buildSettings = {
				ALWAYS_SEARCH_USER_PATHS = NO;
				CLANG_ANALYZER_NONNULL = YES;
				CLANG_ANALYZER_NUMBER_OBJECT_CONVERSION = YES_AGGRESSIVE;
				CLANG_CXX_LANGUAGE_STANDARD = "gnu++14";
				CLANG_CXX_LIBRARY = "libc++";
				CLANG_ENABLE_MODULES = YES;
				CLANG_ENABLE_OBJC_ARC = YES;
				CLANG_WARN_BLOCK_CAPTURE_AUTORELEASING = YES;
				CLANG_WARN_BOOL_CONVERSION = YES;
				CLANG_WARN_COMMA = YES;
				CLANG_WARN_CONSTANT_CONVERSION = YES;
				CLANG_WARN_DIRECT_OBJC_ISA_USAGE = YES_ERROR;
				CLANG_WARN_DOCUMENTATION_COMMENTS = YES;
				CLANG_WARN_EMPTY_BODY = YES;
				CLANG_WARN_ENUM_CONVERSION = YES;
				CLANG_WARN_INFINITE_RECURSION = YES;
				CLANG_WARN_INT_CONVERSION = YES;
				CLANG_WARN_NON_LITERAL_NULL_CONVERSION = YES;
				CLANG_WARN_OBJC_LITERAL_CONVERSION = YES;
				CLANG_WARN_OBJC_ROOT_CLASS = YES_ERROR;
				CLANG_WARN_RANGE_LOOP_ANALYSIS = YES;
				CLANG_WARN_STRICT_PROTOTYPES = YES;
				CLANG_WARN_SUSPICIOUS_MOVE = YES;
				CLANG_WARN_UNGUARDED_AVAILABILITY = YES_AGGRESSIVE;
				CLANG_WARN_UNREACHABLE_CODE = YES;
				CLANG_WARN__DUPLICATE_METHOD_MATCH = YES;
				CODE_SIGN_IDENTITY = "iPhone Developer";
				COPY_PHASE_STRIP = NO;
				DEBUG_INFORMATION_FORMAT = "dwarf-with-dsym";
				ENABLE_NS_ASSERTIONS = NO;
				ENABLE_STRICT_OBJC_MSGSEND = YES;
				GCC_C_LANGUAGE_STANDARD = gnu11;
				GCC_NO_COMMON_BLOCKS = YES;
				GCC_WARN_64_TO_32_BIT_CONVERSION = YES;
				GCC_WARN_ABOUT_RETURN_TYPE = YES_ERROR;
				GCC_WARN_UNDECLARED_SELECTOR = YES;
				GCC_WARN_UNINITIALIZED_AUTOS = YES_AGGRESSIVE;
				GCC_WARN_UNUSED_FUNCTION = YES;
				GCC_WARN_UNUSED_VARIABLE = YES;
				IPHONEOS_DEPLOYMENT_TARGET = 11.2;
				MTL_ENABLE_DEBUG_INFO = NO;
				SDKROOT = iphoneos;
				SWIFT_OPTIMIZATION_LEVEL = "-Owholemodule";
				VALIDATE_PRODUCT = YES;
			};
			name = Release;
		};
		DAFC6C46210DC28C001590A8 /* Debug */ = {
			isa = XCBuildConfiguration;
			buildSettings = {
				ASSETCATALOG_COMPILER_APPICON_NAME = AppIcon;
				CODE_SIGN_STYLE = Automatic;
				DEVELOPMENT_TEAM = 8GHL6MSU9D;
				INFOPLIST_FILE = Meal_Calculator/Info.plist;
				LD_RUNPATH_SEARCH_PATHS = "$(inherited) @executable_path/Frameworks";
				PRODUCT_BUNDLE_IDENTIFIER = "Paul.Meal-Calculator";
				PRODUCT_NAME = "$(TARGET_NAME)";
				SWIFT_VERSION = 4.0;
				TARGETED_DEVICE_FAMILY = "1,2";
			};
			name = Debug;
		};
		DAFC6C47210DC28C001590A8 /* Release */ = {
			isa = XCBuildConfiguration;
			buildSettings = {
				ASSETCATALOG_COMPILER_APPICON_NAME = AppIcon;
				CODE_SIGN_STYLE = Automatic;
				DEVELOPMENT_TEAM = 8GHL6MSU9D;
				INFOPLIST_FILE = Meal_Calculator/Info.plist;
				LD_RUNPATH_SEARCH_PATHS = "$(inherited) @executable_path/Frameworks";
				PRODUCT_BUNDLE_IDENTIFIER = "Paul.Meal-Calculator";
				PRODUCT_NAME = "$(TARGET_NAME)";
				SWIFT_VERSION = 4.0;
				TARGETED_DEVICE_FAMILY = "1,2";
			};
			name = Release;
		};
		DAFC6C49210DC28C001590A8 /* Debug */ = {
			isa = XCBuildConfiguration;
			buildSettings = {
				ALWAYS_EMBED_SWIFT_STANDARD_LIBRARIES = YES;
				BUNDLE_LOADER = "$(TEST_HOST)";
				CODE_SIGN_STYLE = Automatic;
				INFOPLIST_FILE = Meal_CalculatorTests/Info.plist;
				LD_RUNPATH_SEARCH_PATHS = "$(inherited) @executable_path/Frameworks @loader_path/Frameworks";
				PRODUCT_BUNDLE_IDENTIFIER = "Paul.Meal-CalculatorTests";
				PRODUCT_NAME = "$(TARGET_NAME)";
				SWIFT_VERSION = 4.0;
				TARGETED_DEVICE_FAMILY = "1,2";
				TEST_HOST = "$(BUILT_PRODUCTS_DIR)/Meal_Calculator.app/Meal_Calculator";
			};
			name = Debug;
		};
		DAFC6C4A210DC28C001590A8 /* Release */ = {
			isa = XCBuildConfiguration;
			buildSettings = {
				ALWAYS_EMBED_SWIFT_STANDARD_LIBRARIES = YES;
				BUNDLE_LOADER = "$(TEST_HOST)";
				CODE_SIGN_STYLE = Automatic;
				INFOPLIST_FILE = Meal_CalculatorTests/Info.plist;
				LD_RUNPATH_SEARCH_PATHS = "$(inherited) @executable_path/Frameworks @loader_path/Frameworks";
				PRODUCT_BUNDLE_IDENTIFIER = "Paul.Meal-CalculatorTests";
				PRODUCT_NAME = "$(TARGET_NAME)";
				SWIFT_VERSION = 4.0;
				TARGETED_DEVICE_FAMILY = "1,2";
				TEST_HOST = "$(BUILT_PRODUCTS_DIR)/Meal_Calculator.app/Meal_Calculator";
			};
			name = Release;
		};
		DAFC6C4C210DC28C001590A8 /* Debug */ = {
			isa = XCBuildConfiguration;
			buildSettings = {
				ALWAYS_EMBED_SWIFT_STANDARD_LIBRARIES = YES;
				CODE_SIGN_STYLE = Automatic;
				INFOPLIST_FILE = Meal_CalculatorUITests/Info.plist;
				LD_RUNPATH_SEARCH_PATHS = "$(inherited) @executable_path/Frameworks @loader_path/Frameworks";
				PRODUCT_BUNDLE_IDENTIFIER = "Paul.Meal-CalculatorUITests";
				PRODUCT_NAME = "$(TARGET_NAME)";
				SWIFT_VERSION = 4.0;
				TARGETED_DEVICE_FAMILY = "1,2";
				TEST_TARGET_NAME = Meal_Calculator;
			};
			name = Debug;
		};
		DAFC6C4D210DC28C001590A8 /* Release */ = {
			isa = XCBuildConfiguration;
			buildSettings = {
				ALWAYS_EMBED_SWIFT_STANDARD_LIBRARIES = YES;
				CODE_SIGN_STYLE = Automatic;
				INFOPLIST_FILE = Meal_CalculatorUITests/Info.plist;
				LD_RUNPATH_SEARCH_PATHS = "$(inherited) @executable_path/Frameworks @loader_path/Frameworks";
				PRODUCT_BUNDLE_IDENTIFIER = "Paul.Meal-CalculatorUITests";
				PRODUCT_NAME = "$(TARGET_NAME)";
				SWIFT_VERSION = 4.0;
				TARGETED_DEVICE_FAMILY = "1,2";
				TEST_TARGET_NAME = Meal_Calculator;
			};
			name = Release;
		};
/* End XCBuildConfiguration section */

/* Begin XCConfigurationList section */
		DAFC6C18210DC28C001590A8 /* Build configuration list for PBXProject "Meal_Calculator" */ = {
			isa = XCConfigurationList;
			buildConfigurations = (
				DAFC6C43210DC28C001590A8 /* Debug */,
				DAFC6C44210DC28C001590A8 /* Release */,
			);
			defaultConfigurationIsVisible = 0;
			defaultConfigurationName = Release;
		};
		DAFC6C45210DC28C001590A8 /* Build configuration list for PBXNativeTarget "Meal_Calculator" */ = {
			isa = XCConfigurationList;
			buildConfigurations = (
				DAFC6C46210DC28C001590A8 /* Debug */,
				DAFC6C47210DC28C001590A8 /* Release */,
			);
			defaultConfigurationIsVisible = 0;
			defaultConfigurationName = Release;
		};
		DAFC6C48210DC28C001590A8 /* Build configuration list for PBXNativeTarget "Meal_CalculatorTests" */ = {
			isa = XCConfigurationList;
			buildConfigurations = (
				DAFC6C49210DC28C001590A8 /* Debug */,
				DAFC6C4A210DC28C001590A8 /* Release */,
			);
			defaultConfigurationIsVisible = 0;
			defaultConfigurationName = Release;
		};
		DAFC6C4B210DC28C001590A8 /* Build configuration list for PBXNativeTarget "Meal_CalculatorUITests" */ = {
			isa = XCConfigurationList;
			buildConfigurations = (
				DAFC6C4C210DC28C001590A8 /* Debug */,
				DAFC6C4D210DC28C001590A8 /* Release */,
			);
			defaultConfigurationIsVisible = 0;
			defaultConfigurationName = Release;
		};
/* End XCConfigurationList section */
	};
	rootObject = DAFC6C15210DC28C001590A8 /* Project object */;
}
